
Microsoft Visual Studio Solution File, Format Version 12.00
# Visual Studio Version 16
VisualStudioVersion = 16.0.29905.134
MinimumVisualStudioVersion = 10.0.40219.1
Project("{9A19103F-16F7-4668-BE54-9A1E7A4F7556}") = "DigitalLibrary", "Backend\DigitalLibrary\DigitalLibrary.csproj", "{05F9E140-CF5A-4A15-9674-25BF3F5E119C}"
EndProject
Project("{2150E333-8FDC-42A3-9474-1A3956D46DE8}") = "Backend", "Backend", "{EC83F351-4EA3-41A7-96D9-3DE6C740561A}"
EndProject
Project("{2150E333-8FDC-42A3-9474-1A3956D46DE8}") = "Frontend", "Frontend", "{45E84B9E-FC36-4535-B258-E7648BFD43AF}"
EndProject
Project("{FAE04EC0-301F-11D3-BF4B-00C04F79EFBC}") = "DigitalLibraryWebApp", "frontend\DigitalLibraryWebApp\DigitalLibraryWebApp.csproj", "{1D957A9E-AF0E-46D6-B48E-85EB494E3C7C}"
EndProject
Global
	GlobalSection(SolutionConfigurationPlatforms) = preSolution
		Debug|Any CPU = Debug|Any CPU
		Release|Any CPU = Release|Any CPU
	EndGlobalSection
	GlobalSection(ProjectConfigurationPlatforms) = postSolution
		{05F9E140-CF5A-4A15-9674-25BF3F5E119C}.Debug|Any CPU.ActiveCfg = Debug|Any CPU
		{05F9E140-CF5A-4A15-9674-25BF3F5E119C}.Debug|Any CPU.Build.0 = Debug|Any CPU
		{05F9E140-CF5A-4A15-9674-25BF3F5E119C}.Release|Any CPU.ActiveCfg = Release|Any CPU
		{05F9E140-CF5A-4A15-9674-25BF3F5E119C}.Release|Any CPU.Build.0 = Release|Any CPU
	EndGlobalSection
	GlobalSection(SolutionProperties) = preSolution
		HideSolutionNode = FALSE
	EndGlobalSection
	GlobalSection(NestedProjects) = preSolution
		{05F9E140-CF5A-4A15-9674-25BF3F5E119C} = {EC83F351-4EA3-41A7-96D9-3DE6C740561A}
	EndGlobalSection
	GlobalSection(ExtensibilityGlobals) = postSolution
		SolutionGuid = {1B009DF6-325A-4939-8D98-9BBBAD2A038E}
	EndGlobalSection
EndGlobal
